
Microsoft Visual Studio Solution File, Format Version 12.00
# Visual Studio 15
VisualStudioVersion = 15.0.27428.2015
MinimumVisualStudioVersion = 10.0.40219.1
Project("{FAE04EC0-301F-11D3-BF4B-00C04F79EFBC}") = "InRealLife_2", "InRealLife_2\InRealLife_2.csproj", "{C210D834-BC19-4BF1-B0D1-5D5922A2DE43}"
EndProject
Project("{FAE04EC0-301F-11D3-BF4B-00C04F79EFBC}") = "DBComm", "DBComm\DBComm.csproj", "{F04E1A8E-8876-4F24-9430-8B2EC46E222D}"
EndProject
Project("{FAE04EC0-301F-11D3-BF4B-00C04F79EFBC}") = "Classes", "Classes\Classes.csproj", "{BF73ECEF-CBF1-4404-9E5E-C1E7DABFC204}"
EndProject
Global
	GlobalSection(SolutionConfigurationPlatforms) = preSolution
		Debug|Any CPU = Debug|Any CPU
		Release|Any CPU = Release|Any CPU
	EndGlobalSection
	GlobalSection(ProjectConfigurationPlatforms) = postSolution
		{C210D834-BC19-4BF1-B0D1-5D5922A2DE43}.Debug|Any CPU.ActiveCfg = Debug|Any CPU
		{C210D834-BC19-4BF1-B0D1-5D5922A2DE43}.Debug|Any CPU.Build.0 = Debug|Any CPU
		{C210D834-BC19-4BF1-B0D1-5D5922A2DE43}.Release|Any CPU.ActiveCfg = Release|Any CPU
		{C210D834-BC19-4BF1-B0D1-5D5922A2DE43}.Release|Any CPU.Build.0 = Release|Any CPU
		{F04E1A8E-8876-4F24-9430-8B2EC46E222D}.Debug|Any CPU.ActiveCfg = Debug|Any CPU
		{F04E1A8E-8876-4F24-9430-8B2EC46E222D}.Debug|Any CPU.Build.0 = Debug|Any CPU
		{F04E1A8E-8876-4F24-9430-8B2EC46E222D}.Release|Any CPU.ActiveCfg = Release|Any CPU
		{F04E1A8E-8876-4F24-9430-8B2EC46E222D}.Release|Any CPU.Build.0 = Release|Any CPU
		{BF73ECEF-CBF1-4404-9E5E-C1E7DABFC204}.Debug|Any CPU.ActiveCfg = Debug|Any CPU
		{BF73ECEF-CBF1-4404-9E5E-C1E7DABFC204}.Debug|Any CPU.Build.0 = Debug|Any CPU
		{BF73ECEF-CBF1-4404-9E5E-C1E7DABFC204}.Release|Any CPU.ActiveCfg = Release|Any CPU
		{BF73ECEF-CBF1-4404-9E5E-C1E7DABFC204}.Release|Any CPU.Build.0 = Release|Any CPU
	EndGlobalSection
	GlobalSection(SolutionProperties) = preSolution
		HideSolutionNode = FALSE
	EndGlobalSection
	GlobalSection(ExtensibilityGlobals) = postSolution
		SolutionGuid = {D7B03589-AC1F-4A17-B165-A5659755DFE7}
	EndGlobalSection
EndGlobal
